
Microsoft Visual Studio Solution File, Format Version 12.00
# Visual Studio Version 16
VisualStudioVersion = 16.0.31019.35
MinimumVisualStudioVersion = 10.0.40219.1
Project("{9A19103F-16F7-4668-BE54-9A1E7A4F7556}") = "LanguageModule", "Modules\LanguageModule\LanguageModule.csproj", "{27ACBF33-3A5E-4CF2-BC0E-37C6CAAE5414}"
EndProject
Project("{2150E333-8FDC-42A3-9474-1A3956D46DE8}") = "Modules", "Modules", "{125367D0-9394-477C-9897-ABFB9350DE57}"
EndProject
Project("{2150E333-8FDC-42A3-9474-1A3956D46DE8}") = "Common", "Common", "{228BD8A8-CD87-477A-9188-E35CD587B12F}"
EndProject
Project("{9A19103F-16F7-4668-BE54-9A1E7A4F7556}") = "LanguageCommons", "Commons\LanguageCommons\LanguageCommons.csproj", "{14C7F684-F5F4-4197-8A0D-D051F9B974A2}"
EndProject
Project("{9A19103F-16F7-4668-BE54-9A1E7A4F7556}") = "LanguageSetter", "LanguageSetter\LanguageSetter.csproj", "{593EF695-D7F4-43D1-BC38-E9FAAF0EF6E6}"
EndProject
Project("{2150E333-8FDC-42A3-9474-1A3956D46DE8}") = "Tests", "Tests", "{E2D7A0B6-5F92-4948-8348-ABFC60EC2EFF}"
EndProject
Project("{9A19103F-16F7-4668-BE54-9A1E7A4F7556}") = "Modules.LanguageModule.Tests", "Tests\Modules.LanguageModule.Tests\Modules.LanguageModule.Tests.csproj", "{2E2B9200-2518-4195-BE56-1A997B49E4D5}"
EndProject
Project("{FAE04EC0-301F-11D3-BF4B-00C04F79EFBC}") = "SetterService", "Services\SetterService\SetterService.csproj", "{39770F98-8B95-48E5-88BC-939B55C64581}"
EndProject
Project("{2150E333-8FDC-42A3-9474-1A3956D46DE8}") = "Services", "Services", "{6E3A9CC1-3696-4FC6-B17F-23AC4DB8EA4A}"
EndProject
Global
	GlobalSection(SolutionConfigurationPlatforms) = preSolution
		Debug|Any CPU = Debug|Any CPU
		Release|Any CPU = Release|Any CPU
	EndGlobalSection
	GlobalSection(ProjectConfigurationPlatforms) = postSolution
		{27ACBF33-3A5E-4CF2-BC0E-37C6CAAE5414}.Debug|Any CPU.ActiveCfg = Debug|Any CPU
		{27ACBF33-3A5E-4CF2-BC0E-37C6CAAE5414}.Debug|Any CPU.Build.0 = Debug|Any CPU
		{27ACBF33-3A5E-4CF2-BC0E-37C6CAAE5414}.Release|Any CPU.ActiveCfg = Release|Any CPU
		{27ACBF33-3A5E-4CF2-BC0E-37C6CAAE5414}.Release|Any CPU.Build.0 = Release|Any CPU
		{14C7F684-F5F4-4197-8A0D-D051F9B974A2}.Debug|Any CPU.ActiveCfg = Debug|Any CPU
		{14C7F684-F5F4-4197-8A0D-D051F9B974A2}.Debug|Any CPU.Build.0 = Debug|Any CPU
		{14C7F684-F5F4-4197-8A0D-D051F9B974A2}.Release|Any CPU.ActiveCfg = Release|Any CPU
		{14C7F684-F5F4-4197-8A0D-D051F9B974A2}.Release|Any CPU.Build.0 = Release|Any CPU
		{593EF695-D7F4-43D1-BC38-E9FAAF0EF6E6}.Debug|Any CPU.ActiveCfg = Debug|Any CPU
		{593EF695-D7F4-43D1-BC38-E9FAAF0EF6E6}.Debug|Any CPU.Build.0 = Debug|Any CPU
		{593EF695-D7F4-43D1-BC38-E9FAAF0EF6E6}.Release|Any CPU.ActiveCfg = Release|Any CPU
		{593EF695-D7F4-43D1-BC38-E9FAAF0EF6E6}.Release|Any CPU.Build.0 = Release|Any CPU
		{2E2B9200-2518-4195-BE56-1A997B49E4D5}.Debug|Any CPU.ActiveCfg = Debug|Any CPU
		{2E2B9200-2518-4195-BE56-1A997B49E4D5}.Debug|Any CPU.Build.0 = Debug|Any CPU
		{2E2B9200-2518-4195-BE56-1A997B49E4D5}.Release|Any CPU.ActiveCfg = Release|Any CPU
		{2E2B9200-2518-4195-BE56-1A997B49E4D5}.Release|Any CPU.Build.0 = Release|Any CPU
		{39770F98-8B95-48E5-88BC-939B55C64581}.Debug|Any CPU.ActiveCfg = Debug|Any CPU
		{39770F98-8B95-48E5-88BC-939B55C64581}.Debug|Any CPU.Build.0 = Debug|Any CPU
		{39770F98-8B95-48E5-88BC-939B55C64581}.Release|Any CPU.ActiveCfg = Release|Any CPU
		{39770F98-8B95-48E5-88BC-939B55C64581}.Release|Any CPU.Build.0 = Release|Any CPU
	EndGlobalSection
	GlobalSection(SolutionProperties) = preSolution
		HideSolutionNode = FALSE
	EndGlobalSection
	GlobalSection(NestedProjects) = preSolution
		{27ACBF33-3A5E-4CF2-BC0E-37C6CAAE5414} = {125367D0-9394-477C-9897-ABFB9350DE57}
		{14C7F684-F5F4-4197-8A0D-D051F9B974A2} = {228BD8A8-CD87-477A-9188-E35CD587B12F}
		{2E2B9200-2518-4195-BE56-1A997B49E4D5} = {E2D7A0B6-5F92-4948-8348-ABFC60EC2EFF}
		{39770F98-8B95-48E5-88BC-939B55C64581} = {6E3A9CC1-3696-4FC6-B17F-23AC4DB8EA4A}
	EndGlobalSection
	GlobalSection(ExtensibilityGlobals) = postSolution
		SolutionGuid = {FCB89249-1835-4480-B088-1FD4028D5404}
	EndGlobalSection
EndGlobal
